// !$*UTF8*$!
{
	archiveVersion = 1;
	classes = {
	};
	objectVersion = 50;
	objects = {

/* Begin PBXBuildFile section */
		CE4AB8CB2262D01400FDA3B2 /* StatsViewController.swift in Sources */ = {isa = PBXBuildFile; fileRef = CE4AB8CA2262D01400FDA3B2 /* StatsViewController.swift */; };
		CE78DA3C2261D46900F9DA1F /* PlayerStatsViewController+ViewState.swift in Sources */ = {isa = PBXBuildFile; fileRef = CE78DA3B2261D46900F9DA1F /* PlayerStatsViewController+ViewState.swift */; };
		CE78DA402261E58F00F9DA1F /* MatchSelectionViewController.swift in Sources */ = {isa = PBXBuildFile; fileRef = CE78DA3F2261E58F00F9DA1F /* MatchSelectionViewController.swift */; };
		CE78DA422261E5A700F9DA1F /* MatchSelectionContentView.swift in Sources */ = {isa = PBXBuildFile; fileRef = CE78DA412261E5A700F9DA1F /* MatchSelectionContentView.swift */; };
		CE78DA442261F26400F9DA1F /* PlayerDetailsStatCell.swift in Sources */ = {isa = PBXBuildFile; fileRef = CE78DA432261F26400F9DA1F /* PlayerDetailsStatCell.swift */; };
		CE78DA462261F2AD00F9DA1F /* PlayerDetailsStatCell.xib in Resources */ = {isa = PBXBuildFile; fileRef = CE78DA452261F2AD00F9DA1F /* PlayerDetailsStatCell.xib */; };
		CE78DA482261F37D00F9DA1F /* TestAPI.swift in Sources */ = {isa = PBXBuildFile; fileRef = CE78DA472261F37D00F9DA1F /* TestAPI.swift */; };
		CE78DA4B2261F3E700F9DA1F /* invalidMatchStats.json in Resources */ = {isa = PBXBuildFile; fileRef = CE78DA492261F3E700F9DA1F /* invalidMatchStats.json */; };
		CE78DA4C2261F3E700F9DA1F /* validMatchStats.json in Resources */ = {isa = PBXBuildFile; fileRef = CE78DA4A2261F3E700F9DA1F /* validMatchStats.json */; };
		CE78DA4F2261F51100F9DA1F /* validPlayerStats.json in Resources */ = {isa = PBXBuildFile; fileRef = CE78DA4E2261F51100F9DA1F /* validPlayerStats.json */; };
		CEC97FF32261614F0011858C /* APIRequestBuilder.swift in Sources */ = {isa = PBXBuildFile; fileRef = CEC97FEF2261614F0011858C /* APIRequestBuilder.swift */; };
		CEC97FF42261614F0011858C /* APIError.swift in Sources */ = {isa = PBXBuildFile; fileRef = CEC97FF02261614F0011858C /* APIError.swift */; };
		CEC97FF52261614F0011858C /* API.swift in Sources */ = {isa = PBXBuildFile; fileRef = CEC97FF12261614F0011858C /* API.swift */; };
		CEC97FF62261614F0011858C /* Endpoint.swift in Sources */ = {isa = PBXBuildFile; fileRef = CEC97FF22261614F0011858C /* Endpoint.swift */; };
		CEC97FF8226161A90011858C /* Alamofire.framework in Frameworks */ = {isa = PBXBuildFile; fileRef = CEC97FF7226161A90011858C /* Alamofire.framework */; };
		CEC97FFA226161B20011858C /* Shawshank.framework in Frameworks */ = {isa = PBXBuildFile; fileRef = CEC97FF9226161B20011858C /* Shawshank.framework */; };
		CEC98005226166B80011858C /* Decodable.swift in Sources */ = {isa = PBXBuildFile; fileRef = CEC98002226166B80011858C /* Decodable.swift */; };
		CEC98006226166B80011858C /* String.swift in Sources */ = {isa = PBXBuildFile; fileRef = CEC98003226166B80011858C /* String.swift */; };
		CEC9800B22616A040011858C /* StatsEndpoint.swift in Sources */ = {isa = PBXBuildFile; fileRef = CEC9800822616A040011858C /* StatsEndpoint.swift */; };
		CEC9800C22616A040011858C /* StatsAPI.swift in Sources */ = {isa = PBXBuildFile; fileRef = CEC9800922616A040011858C /* StatsAPI.swift */; };
		CEC9800D22616A040011858C /* StatsAPIHost.swift in Sources */ = {isa = PBXBuildFile; fileRef = CEC9800A22616A040011858C /* StatsAPIHost.swift */; };
		CEC98010226173160011858C /* LeagueStat.swift in Sources */ = {isa = PBXBuildFile; fileRef = CEC9800F226173160011858C /* LeagueStat.swift */; };
		CEC98012226175FD0011858C /* StatsLoader.swift in Sources */ = {isa = PBXBuildFile; fileRef = CEC98011226175FD0011858C /* StatsLoader.swift */; };
		CEC9803D2261877C0011858C /* MatchStatsLeftPlayerView.xib in Resources */ = {isa = PBXBuildFile; fileRef = CEC9803B2261877C0011858C /* MatchStatsLeftPlayerView.xib */; };
		CEC9803E2261877C0011858C /* MatchStatsLeftPlayerView.swift in Sources */ = {isa = PBXBuildFile; fileRef = CEC9803C2261877C0011858C /* MatchStatsLeftPlayerView.swift */; };
		CEC98042226187A20011858C /* NibLoading.swift in Sources */ = {isa = PBXBuildFile; fileRef = CEC98040226187A20011858C /* NibLoading.swift */; };
		CEC98043226187A20011858C /* XibView.swift in Sources */ = {isa = PBXBuildFile; fileRef = CEC98041226187A20011858C /* XibView.swift */; };
		CEC98047226188970011858C /* MatchStatsRightPlayerView.xib in Resources */ = {isa = PBXBuildFile; fileRef = CEC98045226188970011858C /* MatchStatsRightPlayerView.xib */; };
		CEC98048226188970011858C /* MatchStatsRightPlayerView.swift in Sources */ = {isa = PBXBuildFile; fileRef = CEC98046226188970011858C /* MatchStatsRightPlayerView.swift */; };
		CEC9804B226189570011858C /* MatchStatsPlayerCell.xib in Resources */ = {isa = PBXBuildFile; fileRef = CEC98049226189560011858C /* MatchStatsPlayerCell.xib */; };
		CEC9804C226189570011858C /* MatchStatsPlayerCell.swift in Sources */ = {isa = PBXBuildFile; fileRef = CEC9804A226189560011858C /* MatchStatsPlayerCell.swift */; };
		CEC9804F22618A650011858C /* MatchStatsViewController.swift in Sources */ = {isa = PBXBuildFile; fileRef = CEC9804E22618A650011858C /* MatchStatsViewController.swift */; };
		CEC9805122618B410011858C /* UITableView.swift in Sources */ = {isa = PBXBuildFile; fileRef = CEC9805022618B410011858C /* UITableView.swift */; };
		CEC9805322618B500011858C /* UITableViewCell.swift in Sources */ = {isa = PBXBuildFile; fileRef = CEC9805222618B500011858C /* UITableViewCell.swift */; };
		CEC9805522618C340011858C /* MatchStatsViewController+ViewState.swift in Sources */ = {isa = PBXBuildFile; fileRef = CEC9805422618C340011858C /* MatchStatsViewController+ViewState.swift */; };
		CEC9805722618CBD0011858C /* Array.swift in Sources */ = {isa = PBXBuildFile; fileRef = CEC9805622618CBD0011858C /* Array.swift */; };
		CEC98059226192CE0011858C /* MatchStatsPlayerCell+ViewState.swift in Sources */ = {isa = PBXBuildFile; fileRef = CEC98058226192CE0011858C /* MatchStatsPlayerCell+ViewState.swift */; };
		CEC9805B226194250011858C /* MatchStatsPlayerView.swift in Sources */ = {isa = PBXBuildFile; fileRef = CEC9805A226194250011858C /* MatchStatsPlayerView.swift */; };
		CEC9805D226194D80011858C /* MatchStatsPlayerView+ViewState.swift in Sources */ = {isa = PBXBuildFile; fileRef = CEC9805C226194D80011858C /* MatchStatsPlayerView+ViewState.swift */; };
		CEC9806122619F0F0011858C /* AsyncImageView.xib in Resources */ = {isa = PBXBuildFile; fileRef = CEC9805F22619F0F0011858C /* AsyncImageView.xib */; };
		CEC9806222619F0F0011858C /* AsyncImageView.swift in Sources */ = {isa = PBXBuildFile; fileRef = CEC9806022619F0F0011858C /* AsyncImageView.swift */; };
		CEC9806422619FA70011858C /* Nuke.framework in Frameworks */ = {isa = PBXBuildFile; fileRef = CEC9806322619FA70011858C /* Nuke.framework */; };
		CEC980682261A5A10011858C /* Media.xcassets in Resources */ = {isa = PBXBuildFile; fileRef = CEC980672261A5A10011858C /* Media.xcassets */; };
		CEC980712261B8A30011858C /* LeaguePlayer.swift in Sources */ = {isa = PBXBuildFile; fileRef = CEC980702261B8A30011858C /* LeaguePlayer.swift */; };
		CEC980742261BFE20011858C /* PlayerStatsViewController.swift in Sources */ = {isa = PBXBuildFile; fileRef = CEC980732261BFE20011858C /* PlayerStatsViewController.swift */; };
		CEC9807B2261CA990011858C /* PlayerDetailsCell.swift in Sources */ = {isa = PBXBuildFile; fileRef = CEC9807A2261CA990011858C /* PlayerDetailsCell.swift */; };
		CEC9807D2261CA9E0011858C /* PlayerDetailsCell.xib in Resources */ = {isa = PBXBuildFile; fileRef = CEC9807C2261CA9E0011858C /* PlayerDetailsCell.xib */; };
		CED4532822615C4A0021333B /* AppDelegate.swift in Sources */ = {isa = PBXBuildFile; fileRef = CED4532722615C4A0021333B /* AppDelegate.swift */; };
		CED4532D22615C4A0021333B /* Main.storyboard in Resources */ = {isa = PBXBuildFile; fileRef = CED4532B22615C4A0021333B /* Main.storyboard */; };
		CED4532F22615C4B0021333B /* Assets.xcassets in Resources */ = {isa = PBXBuildFile; fileRef = CED4532E22615C4B0021333B /* Assets.xcassets */; };
		CED4533222615C4B0021333B /* LaunchScreen.storyboard in Resources */ = {isa = PBXBuildFile; fileRef = CED4533022615C4B0021333B /* LaunchScreen.storyboard */; };
		CED4533D22615C4B0021333B /* NRLPlayerStatsTests.swift in Sources */ = {isa = PBXBuildFile; fileRef = CED4533C22615C4B0021333B /* NRLPlayerStatsTests.swift */; };
/* End PBXBuildFile section */

/* Begin PBXContainerItemProxy section */
		CED4533922615C4B0021333B /* PBXContainerItemProxy */ = {
			isa = PBXContainerItemProxy;
			containerPortal = CED4531C22615C4A0021333B /* Project object */;
			proxyType = 1;
			remoteGlobalIDString = CED4532322615C4A0021333B;
			remoteInfo = NRLPlayerStats;
		};
/* End PBXContainerItemProxy section */

/* Begin PBXFileReference section */
		CE4AB8CA2262D01400FDA3B2 /* StatsViewController.swift */ = {isa = PBXFileReference; lastKnownFileType = sourcecode.swift; path = StatsViewController.swift; sourceTree = "<group>"; };
		CE78DA3B2261D46900F9DA1F /* PlayerStatsViewController+ViewState.swift */ = {isa = PBXFileReference; lastKnownFileType = sourcecode.swift; path = "PlayerStatsViewController+ViewState.swift"; sourceTree = "<group>"; };
		CE78DA3F2261E58F00F9DA1F /* MatchSelectionViewController.swift */ = {isa = PBXFileReference; lastKnownFileType = sourcecode.swift; path = MatchSelectionViewController.swift; sourceTree = "<group>"; };
		CE78DA412261E5A700F9DA1F /* MatchSelectionContentView.swift */ = {isa = PBXFileReference; lastKnownFileType = sourcecode.swift; path = MatchSelectionContentView.swift; sourceTree = "<group>"; };
		CE78DA432261F26400F9DA1F /* PlayerDetailsStatCell.swift */ = {isa = PBXFileReference; lastKnownFileType = sourcecode.swift; path = PlayerDetailsStatCell.swift; sourceTree = "<group>"; };
		CE78DA452261F2AD00F9DA1F /* PlayerDetailsStatCell.xib */ = {isa = PBXFileReference; lastKnownFileType = file.xib; path = PlayerDetailsStatCell.xib; sourceTree = "<group>"; };
		CE78DA472261F37D00F9DA1F /* TestAPI.swift */ = {isa = PBXFileReference; lastKnownFileType = sourcecode.swift; path = TestAPI.swift; sourceTree = "<group>"; };
		CE78DA492261F3E700F9DA1F /* invalidMatchStats.json */ = {isa = PBXFileReference; fileEncoding = 4; lastKnownFileType = text.json; path = invalidMatchStats.json; sourceTree = "<group>"; };
		CE78DA4A2261F3E700F9DA1F /* validMatchStats.json */ = {isa = PBXFileReference; fileEncoding = 4; lastKnownFileType = text.json; path = validMatchStats.json; sourceTree = "<group>"; };
		CE78DA4E2261F51100F9DA1F /* validPlayerStats.json */ = {isa = PBXFileReference; fileEncoding = 4; lastKnownFileType = text.json; path = validPlayerStats.json; sourceTree = "<group>"; };
		CEC97FEF2261614F0011858C /* APIRequestBuilder.swift */ = {isa = PBXFileReference; fileEncoding = 4; lastKnownFileType = sourcecode.swift; path = APIRequestBuilder.swift; sourceTree = "<group>"; };
		CEC97FF02261614F0011858C /* APIError.swift */ = {isa = PBXFileReference; fileEncoding = 4; lastKnownFileType = sourcecode.swift; path = APIError.swift; sourceTree = "<group>"; };
		CEC97FF12261614F0011858C /* API.swift */ = {isa = PBXFileReference; fileEncoding = 4; lastKnownFileType = sourcecode.swift; path = API.swift; sourceTree = "<group>"; };
		CEC97FF22261614F0011858C /* Endpoint.swift */ = {isa = PBXFileReference; fileEncoding = 4; lastKnownFileType = sourcecode.swift; path = Endpoint.swift; sourceTree = "<group>"; };
		CEC97FF7226161A90011858C /* Alamofire.framework */ = {isa = PBXFileReference; lastKnownFileType = wrapper.framework; name = Alamofire.framework; path = Carthage/Build/iOS/Alamofire.framework; sourceTree = "<group>"; };
		CEC97FF9226161B20011858C /* Shawshank.framework */ = {isa = PBXFileReference; lastKnownFileType = wrapper.framework; name = Shawshank.framework; path = Carthage/Build/iOS/Shawshank.framework; sourceTree = "<group>"; };
		CEC98002226166B80011858C /* Decodable.swift */ = {isa = PBXFileReference; fileEncoding = 4; lastKnownFileType = sourcecode.swift; path = Decodable.swift; sourceTree = "<group>"; };
		CEC98003226166B80011858C /* String.swift */ = {isa = PBXFileReference; fileEncoding = 4; lastKnownFileType = sourcecode.swift; path = String.swift; sourceTree = "<group>"; };
		CEC9800822616A040011858C /* StatsEndpoint.swift */ = {isa = PBXFileReference; fileEncoding = 4; lastKnownFileType = sourcecode.swift; path = StatsEndpoint.swift; sourceTree = "<group>"; };
		CEC9800922616A040011858C /* StatsAPI.swift */ = {isa = PBXFileReference; fileEncoding = 4; lastKnownFileType = sourcecode.swift; path = StatsAPI.swift; sourceTree = "<group>"; };
		CEC9800A22616A040011858C /* StatsAPIHost.swift */ = {isa = PBXFileReference; fileEncoding = 4; lastKnownFileType = sourcecode.swift; path = StatsAPIHost.swift; sourceTree = "<group>"; };
		CEC9800F226173160011858C /* LeagueStat.swift */ = {isa = PBXFileReference; fileEncoding = 4; lastKnownFileType = sourcecode.swift; path = LeagueStat.swift; sourceTree = "<group>"; };
		CEC98011226175FD0011858C /* StatsLoader.swift */ = {isa = PBXFileReference; lastKnownFileType = sourcecode.swift; path = StatsLoader.swift; sourceTree = "<group>"; };
		CEC9803B2261877C0011858C /* MatchStatsLeftPlayerView.xib */ = {isa = PBXFileReference; fileEncoding = 4; lastKnownFileType = file.xib; path = MatchStatsLeftPlayerView.xib; sourceTree = "<group>"; };
		CEC9803C2261877C0011858C /* MatchStatsLeftPlayerView.swift */ = {isa = PBXFileReference; fileEncoding = 4; lastKnownFileType = sourcecode.swift; path = MatchStatsLeftPlayerView.swift; sourceTree = "<group>"; };
		CEC98040226187A20011858C /* NibLoading.swift */ = {isa = PBXFileReference; fileEncoding = 4; lastKnownFileType = sourcecode.swift; path = NibLoading.swift; sourceTree = "<group>"; };
		CEC98041226187A20011858C /* XibView.swift */ = {isa = PBXFileReference; fileEncoding = 4; lastKnownFileType = sourcecode.swift; path = XibView.swift; sourceTree = "<group>"; };
		CEC98045226188970011858C /* MatchStatsRightPlayerView.xib */ = {isa = PBXFileReference; fileEncoding = 4; lastKnownFileType = file.xib; path = MatchStatsRightPlayerView.xib; sourceTree = "<group>"; };
		CEC98046226188970011858C /* MatchStatsRightPlayerView.swift */ = {isa = PBXFileReference; fileEncoding = 4; lastKnownFileType = sourcecode.swift; path = MatchStatsRightPlayerView.swift; sourceTree = "<group>"; };
		CEC98049226189560011858C /* MatchStatsPlayerCell.xib */ = {isa = PBXFileReference; fileEncoding = 4; lastKnownFileType = file.xib; path = MatchStatsPlayerCell.xib; sourceTree = "<group>"; };
		CEC9804A226189560011858C /* MatchStatsPlayerCell.swift */ = {isa = PBXFileReference; fileEncoding = 4; lastKnownFileType = sourcecode.swift; path = MatchStatsPlayerCell.swift; sourceTree = "<group>"; };
		CEC9804E22618A650011858C /* MatchStatsViewController.swift */ = {isa = PBXFileReference; lastKnownFileType = sourcecode.swift; path = MatchStatsViewController.swift; sourceTree = "<group>"; };
		CEC9805022618B410011858C /* UITableView.swift */ = {isa = PBXFileReference; lastKnownFileType = sourcecode.swift; path = UITableView.swift; sourceTree = "<group>"; };
		CEC9805222618B500011858C /* UITableViewCell.swift */ = {isa = PBXFileReference; lastKnownFileType = sourcecode.swift; path = UITableViewCell.swift; sourceTree = "<group>"; };
		CEC9805422618C340011858C /* MatchStatsViewController+ViewState.swift */ = {isa = PBXFileReference; lastKnownFileType = sourcecode.swift; path = "MatchStatsViewController+ViewState.swift"; sourceTree = "<group>"; };
		CEC9805622618CBD0011858C /* Array.swift */ = {isa = PBXFileReference; fileEncoding = 4; lastKnownFileType = sourcecode.swift; path = Array.swift; sourceTree = "<group>"; };
		CEC98058226192CE0011858C /* MatchStatsPlayerCell+ViewState.swift */ = {isa = PBXFileReference; lastKnownFileType = sourcecode.swift; path = "MatchStatsPlayerCell+ViewState.swift"; sourceTree = "<group>"; };
		CEC9805A226194250011858C /* MatchStatsPlayerView.swift */ = {isa = PBXFileReference; lastKnownFileType = sourcecode.swift; path = MatchStatsPlayerView.swift; sourceTree = "<group>"; };
		CEC9805C226194D80011858C /* MatchStatsPlayerView+ViewState.swift */ = {isa = PBXFileReference; lastKnownFileType = sourcecode.swift; path = "MatchStatsPlayerView+ViewState.swift"; sourceTree = "<group>"; };
		CEC9805F22619F0F0011858C /* AsyncImageView.xib */ = {isa = PBXFileReference; fileEncoding = 4; lastKnownFileType = file.xib; path = AsyncImageView.xib; sourceTree = "<group>"; };
		CEC9806022619F0F0011858C /* AsyncImageView.swift */ = {isa = PBXFileReference; fileEncoding = 4; lastKnownFileType = sourcecode.swift; path = AsyncImageView.swift; sourceTree = "<group>"; };
		CEC9806322619FA70011858C /* Nuke.framework */ = {isa = PBXFileReference; lastKnownFileType = wrapper.framework; name = Nuke.framework; path = Carthage/Build/iOS/Nuke.framework; sourceTree = "<group>"; };
		CEC980672261A5A10011858C /* Media.xcassets */ = {isa = PBXFileReference; lastKnownFileType = folder.assetcatalog; path = Media.xcassets; sourceTree = "<group>"; };
		CEC980702261B8A30011858C /* LeaguePlayer.swift */ = {isa = PBXFileReference; fileEncoding = 4; lastKnownFileType = sourcecode.swift; path = LeaguePlayer.swift; sourceTree = "<group>"; };
		CEC980732261BFE20011858C /* PlayerStatsViewController.swift */ = {isa = PBXFileReference; lastKnownFileType = sourcecode.swift; path = PlayerStatsViewController.swift; sourceTree = "<group>"; };
		CEC9807A2261CA990011858C /* PlayerDetailsCell.swift */ = {isa = PBXFileReference; lastKnownFileType = sourcecode.swift; path = PlayerDetailsCell.swift; sourceTree = "<group>"; };
		CEC9807C2261CA9E0011858C /* PlayerDetailsCell.xib */ = {isa = PBXFileReference; lastKnownFileType = file.xib; path = PlayerDetailsCell.xib; sourceTree = "<group>"; };
		CED4532422615C4A0021333B /* NRLPlayerStats.app */ = {isa = PBXFileReference; explicitFileType = wrapper.application; includeInIndex = 0; path = NRLPlayerStats.app; sourceTree = BUILT_PRODUCTS_DIR; };
		CED4532722615C4A0021333B /* AppDelegate.swift */ = {isa = PBXFileReference; lastKnownFileType = sourcecode.swift; path = AppDelegate.swift; sourceTree = "<group>"; };
		CED4532C22615C4A0021333B /* Base */ = {isa = PBXFileReference; lastKnownFileType = file.storyboard; name = Base; path = Base.lproj/Main.storyboard; sourceTree = "<group>"; };
		CED4532E22615C4B0021333B /* Assets.xcassets */ = {isa = PBXFileReference; lastKnownFileType = folder.assetcatalog; path = Assets.xcassets; sourceTree = "<group>"; };
		CED4533122615C4B0021333B /* Base */ = {isa = PBXFileReference; lastKnownFileType = file.storyboard; name = Base; path = Base.lproj/LaunchScreen.storyboard; sourceTree = "<group>"; };
		CED4533322615C4B0021333B /* Info.plist */ = {isa = PBXFileReference; lastKnownFileType = text.plist.xml; path = Info.plist; sourceTree = "<group>"; };
		CED4533822615C4B0021333B /* NRLPlayerStatsTests.xctest */ = {isa = PBXFileReference; explicitFileType = wrapper.cfbundle; includeInIndex = 0; path = NRLPlayerStatsTests.xctest; sourceTree = BUILT_PRODUCTS_DIR; };
		CED4533C22615C4B0021333B /* NRLPlayerStatsTests.swift */ = {isa = PBXFileReference; lastKnownFileType = sourcecode.swift; path = NRLPlayerStatsTests.swift; sourceTree = "<group>"; };
		CED4533E22615C4B0021333B /* Info.plist */ = {isa = PBXFileReference; lastKnownFileType = text.plist.xml; path = Info.plist; sourceTree = "<group>"; };
/* End PBXFileReference section */

/* Begin PBXFrameworksBuildPhase section */
		CED4532122615C4A0021333B /* Frameworks */ = {
			isa = PBXFrameworksBuildPhase;
			buildActionMask = 2147483647;
			files = (
				CEC97FF8226161A90011858C /* Alamofire.framework in Frameworks */,
				CEC9806422619FA70011858C /* Nuke.framework in Frameworks */,
			);
			runOnlyForDeploymentPostprocessing = 0;
		};
		CED4533522615C4B0021333B /* Frameworks */ = {
			isa = PBXFrameworksBuildPhase;
			buildActionMask = 2147483647;
			files = (
				CEC97FFA226161B20011858C /* Shawshank.framework in Frameworks */,
			);
			runOnlyForDeploymentPostprocessing = 0;
		};
/* End PBXFrameworksBuildPhase section */

/* Begin PBXGroup section */
		CE4AB8CC2262DBD700FDA3B2 /* StatsViewController */ = {
			isa = PBXGroup;
			children = (
				CE4AB8CA2262D01400FDA3B2 /* StatsViewController.swift */,
			);
			path = StatsViewController;
			sourceTree = "<group>";
		};
		CE4AB8CD2262DBEB00FDA3B2 /* Stats */ = {
			isa = PBXGroup;
			children = (
				CE4AB8CC2262DBD700FDA3B2 /* StatsViewController */,
				CEC980362261877C0011858C /* MatchStats */,
				CEC980692261B0690011858C /* PlayerStats */,
			);
			path = Stats;
			sourceTree = "<group>";
		};
		CE78DA3D2261E53300F9DA1F /* MatchSelection */ = {
			isa = PBXGroup;
			children = (
				CE78DA3F2261E58F00F9DA1F /* MatchSelectionViewController.swift */,
				CE78DA412261E5A700F9DA1F /* MatchSelectionContentView.swift */,
			);
			path = MatchSelection;
			sourceTree = "<group>";
		};
		CE78DA3E2261E55800F9DA1F /* ViewModel */ = {
			isa = PBXGroup;
			children = (
				CE78DA3B2261D46900F9DA1F /* PlayerStatsViewController+ViewState.swift */,
			);
			path = ViewModel;
			sourceTree = "<group>";
		};
		CE78DA502261FAB900F9DA1F /* Cells */ = {
			isa = PBXGroup;
			children = (
				CEC980792261CA850011858C /* DetailsCell */,
				CE78DA512261FF2D00F9DA1F /* StatCell */,
			);
			path = Cells;
			sourceTree = "<group>";
		};
		CE78DA512261FF2D00F9DA1F /* StatCell */ = {
			isa = PBXGroup;
			children = (
				CE78DA432261F26400F9DA1F /* PlayerDetailsStatCell.swift */,
				CE78DA452261F2AD00F9DA1F /* PlayerDetailsStatCell.xib */,
			);
			path = StatCell;
			sourceTree = "<group>";
		};
		CEC97FE92261609F0011858C /* Frameworks */ = {
			isa = PBXGroup;
			children = (
				CEC9806322619FA70011858C /* Nuke.framework */,
				CEC97FF9226161B20011858C /* Shawshank.framework */,
				CEC97FF7226161A90011858C /* Alamofire.framework */,
			);
			name = Frameworks;
			sourceTree = "<group>";
		};
		CEC97FEE2261614F0011858C /* API */ = {
			isa = PBXGroup;
			children = (
				CEC97FF12261614F0011858C /* API.swift */,
				CEC97FEF2261614F0011858C /* APIRequestBuilder.swift */,
				CEC97FF02261614F0011858C /* APIError.swift */,
				CEC97FF22261614F0011858C /* Endpoint.swift */,
			);
			path = API;
			sourceTree = "<group>";
		};
		CEC98000226166B80011858C /* Extensions */ = {
			isa = PBXGroup;
			children = (
				CEC9805622618CBD0011858C /* Array.swift */,
				CEC98002226166B80011858C /* Decodable.swift */,
				CEC98003226166B80011858C /* String.swift */,
				CEC9805022618B410011858C /* UITableView.swift */,
				CEC9805222618B500011858C /* UITableViewCell.swift */,
			);
			path = Extensions;
			sourceTree = "<group>";
		};
		CEC9800722616A040011858C /* PlayerStatsAPI */ = {
			isa = PBXGroup;
			children = (
				CEC9800A22616A040011858C /* StatsAPIHost.swift */,
				CEC9800922616A040011858C /* StatsAPI.swift */,
				CEC9800822616A040011858C /* StatsEndpoint.swift */,
			);
			path = PlayerStatsAPI;
			sourceTree = "<group>";
		};
		CEC9800E226173160011858C /* Model */ = {
			isa = PBXGroup;
			children = (
				CEC9800F226173160011858C /* LeagueStat.swift */,
			);
			path = Model;
			sourceTree = "<group>";
		};
		CEC98013226176020011858C /* StatsLoader */ = {
			isa = PBXGroup;
			children = (
				CEC98011226175FD0011858C /* StatsLoader.swift */,
			);
			path = StatsLoader;
			sourceTree = "<group>";
		};
		CEC980362261877C0011858C /* MatchStats */ = {
			isa = PBXGroup;
			children = (
				CEC9800E226173160011858C /* Model */,
				CEC9804D22618A4B0011858C /* View */,
				CEC9806C2261B0B40011858C /* ViewModel */,
			);
			path = MatchStats;
			sourceTree = "<group>";
		};
		CEC980372261877C0011858C /* Cells */ = {
			isa = PBXGroup;
			children = (
				CEC980382261877C0011858C /* MatchStatsPlayerCell */,
			);
			path = Cells;
			sourceTree = "<group>";
		};
		CEC980382261877C0011858C /* MatchStatsPlayerCell */ = {
			isa = PBXGroup;
			children = (
				CEC9804A226189560011858C /* MatchStatsPlayerCell.swift */,
				CEC98058226192CE0011858C /* MatchStatsPlayerCell+ViewState.swift */,
				CEC98049226189560011858C /* MatchStatsPlayerCell.xib */,
				CEC980392261877C0011858C /* MatchStatsPlayerView */,
			);
			path = MatchStatsPlayerCell;
			sourceTree = "<group>";
		};
		CEC980392261877C0011858C /* MatchStatsPlayerView */ = {
			isa = PBXGroup;
			children = (
				CEC9805A226194250011858C /* MatchStatsPlayerView.swift */,
				CEC9805C226194D80011858C /* MatchStatsPlayerView+ViewState.swift */,
				CEC9803A2261877C0011858C /* Left */,
				CEC98044226188970011858C /* Right */,
			);
			path = MatchStatsPlayerView;
			sourceTree = "<group>";
		};
		CEC9803A2261877C0011858C /* Left */ = {
			isa = PBXGroup;
			children = (
				CEC9803C2261877C0011858C /* MatchStatsLeftPlayerView.swift */,
				CEC9803B2261877C0011858C /* MatchStatsLeftPlayerView.xib */,
			);
			path = Left;
			sourceTree = "<group>";
		};
		CEC9803F226187A20011858C /* Helpers */ = {
			isa = PBXGroup;
			children = (
				CEC98000226166B80011858C /* Extensions */,
				CEC9805E22619F0F0011858C /* AsyncImageView */,
				CEC98040226187A20011858C /* NibLoading.swift */,
				CEC98041226187A20011858C /* XibView.swift */,
			);
			path = Helpers;
			sourceTree = "<group>";
		};
		CEC98044226188970011858C /* Right */ = {
			isa = PBXGroup;
			children = (
				CEC98046226188970011858C /* MatchStatsRightPlayerView.swift */,
				CEC98045226188970011858C /* MatchStatsRightPlayerView.xib */,
			);
			path = Right;
			sourceTree = "<group>";
		};
		CEC9804D22618A4B0011858C /* View */ = {
			isa = PBXGroup;
			children = (
				CEC9804E22618A650011858C /* MatchStatsViewController.swift */,
				CEC980372261877C0011858C /* Cells */,
			);
			path = View;
			sourceTree = "<group>";
		};
		CEC9805E22619F0F0011858C /* AsyncImageView */ = {
			isa = PBXGroup;
			children = (
				CEC9806022619F0F0011858C /* AsyncImageView.swift */,
				CEC9805F22619F0F0011858C /* AsyncImageView.xib */,
			);
			path = AsyncImageView;
			sourceTree = "<group>";
		};
		CEC980692261B0690011858C /* PlayerStats */ = {
			isa = PBXGroup;
			children = (
				CEC9806D2261B0F90011858C /* Model */,
				CEC980722261BFAC0011858C /* View */,
				CE78DA3E2261E55800F9DA1F /* ViewModel */,
			);
			path = PlayerStats;
			sourceTree = "<group>";
		};
		CEC9806C2261B0B40011858C /* ViewModel */ = {
			isa = PBXGroup;
			children = (
				CEC9805422618C340011858C /* MatchStatsViewController+ViewState.swift */,
			);
			path = ViewModel;
			sourceTree = "<group>";
		};
		CEC9806D2261B0F90011858C /* Model */ = {
			isa = PBXGroup;
			children = (
				CEC980702261B8A30011858C /* LeaguePlayer.swift */,
			);
			path = Model;
			sourceTree = "<group>";
		};
		CEC980722261BFAC0011858C /* View */ = {
			isa = PBXGroup;
			children = (
				CEC980732261BFE20011858C /* PlayerStatsViewController.swift */,
				CE78DA502261FAB900F9DA1F /* Cells */,
			);
			path = View;
			sourceTree = "<group>";
		};
		CEC980792261CA850011858C /* DetailsCell */ = {
			isa = PBXGroup;
			children = (
				CEC9807A2261CA990011858C /* PlayerDetailsCell.swift */,
				CEC9807C2261CA9E0011858C /* PlayerDetailsCell.xib */,
			);
			path = DetailsCell;
			sourceTree = "<group>";
		};
		CED4531B22615C4A0021333B = {
			isa = PBXGroup;
			children = (
				CED4532622615C4A0021333B /* NRLPlayerStats */,
				CED4533B22615C4B0021333B /* NRLPlayerStatsTests */,
				CED4532522615C4A0021333B /* Products */,
				CEC97FE92261609F0011858C /* Frameworks */,
			);
			sourceTree = "<group>";
		};
		CED4532522615C4A0021333B /* Products */ = {
			isa = PBXGroup;
			children = (
				CED4532422615C4A0021333B /* NRLPlayerStats.app */,
				CED4533822615C4B0021333B /* NRLPlayerStatsTests.xctest */,
			);
			name = Products;
			sourceTree = "<group>";
		};
		CED4532622615C4A0021333B /* NRLPlayerStats */ = {
			isa = PBXGroup;
			children = (
				CEC97FEE2261614F0011858C /* API */,
				CEC9800722616A040011858C /* PlayerStatsAPI */,
				CEC98013226176020011858C /* StatsLoader */,
				CE78DA3D2261E53300F9DA1F /* MatchSelection */,
				CE4AB8CD2262DBEB00FDA3B2 /* Stats */,
				CEC9803F226187A20011858C /* Helpers */,
				CED4532722615C4A0021333B /* AppDelegate.swift */,
				CED4532B22615C4A0021333B /* Main.storyboard */,
				CED4532E22615C4B0021333B /* Assets.xcassets */,
				CED4533022615C4B0021333B /* LaunchScreen.storyboard */,
				CED4533322615C4B0021333B /* Info.plist */,
				CEC980672261A5A10011858C /* Media.xcassets */,
			);
			path = NRLPlayerStats;
			sourceTree = "<group>";
		};
		CED4533B22615C4B0021333B /* NRLPlayerStatsTests */ = {
			isa = PBXGroup;
			children = (
				CE78DA472261F37D00F9DA1F /* TestAPI.swift */,
				CED4533C22615C4B0021333B /* NRLPlayerStatsTests.swift */,
				CE78DA492261F3E700F9DA1F /* invalidMatchStats.json */,
				CE78DA4A2261F3E700F9DA1F /* validMatchStats.json */,
				CE78DA4E2261F51100F9DA1F /* validPlayerStats.json */,
				CED4533E22615C4B0021333B /* Info.plist */,
			);
			path = NRLPlayerStatsTests;
			sourceTree = "<group>";
		};
/* End PBXGroup section */

/* Begin PBXNativeTarget section */
		CED4532322615C4A0021333B /* NRLPlayerStats */ = {
			isa = PBXNativeTarget;
			buildConfigurationList = CED4534122615C4B0021333B /* Build configuration list for PBXNativeTarget "NRLPlayerStats" */;
			buildPhases = (
				CED4532022615C4A0021333B /* Sources */,
				CED4532122615C4A0021333B /* Frameworks */,
				CED4532222615C4A0021333B /* Resources */,
				CEC97FE82261605B0011858C /* Copy Carthage Frameworks */,
			);
			buildRules = (
			);
			dependencies = (
			);
			name = NRLPlayerStats;
			productName = NRLPlayerStats;
			productReference = CED4532422615C4A0021333B /* NRLPlayerStats.app */;
			productType = "com.apple.product-type.application";
		};
		CED4533722615C4B0021333B /* NRLPlayerStatsTests */ = {
			isa = PBXNativeTarget;
			buildConfigurationList = CED4534422615C4B0021333B /* Build configuration list for PBXNativeTarget "NRLPlayerStatsTests" */;
			buildPhases = (
				CED4533422615C4B0021333B /* Sources */,
				CED4533522615C4B0021333B /* Frameworks */,
				CED4533622615C4B0021333B /* Resources */,
				CE78DA4D2261F46900F9DA1F /* Copy Carthage Frameworks */,
			);
			buildRules = (
			);
			dependencies = (
				CED4533A22615C4B0021333B /* PBXTargetDependency */,
			);
			name = NRLPlayerStatsTests;
			productName = NRLPlayerStatsTests;
			productReference = CED4533822615C4B0021333B /* NRLPlayerStatsTests.xctest */;
			productType = "com.apple.product-type.bundle.unit-test";
		};
/* End PBXNativeTarget section */

/* Begin PBXProject section */
		CED4531C22615C4A0021333B /* Project object */ = {
			isa = PBXProject;
			attributes = {
				LastSwiftUpdateCheck = 1020;
				LastUpgradeCheck = 1020;
				ORGANIZATIONNAME = "Gagandeep Singh";
				TargetAttributes = {
					CED4532322615C4A0021333B = {
						CreatedOnToolsVersion = 10.2;
					};
					CED4533722615C4B0021333B = {
						CreatedOnToolsVersion = 10.2;
						TestTargetID = CED4532322615C4A0021333B;
					};
				};
			};
			buildConfigurationList = CED4531F22615C4A0021333B /* Build configuration list for PBXProject "NRLPlayerStats" */;
			compatibilityVersion = "Xcode 9.3";
			developmentRegion = en;
			hasScannedForEncodings = 0;
			knownRegions = (
				en,
				Base,
			);
			mainGroup = CED4531B22615C4A0021333B;
			productRefGroup = CED4532522615C4A0021333B /* Products */;
			projectDirPath = "";
			projectRoot = "";
			targets = (
				CED4532322615C4A0021333B /* NRLPlayerStats */,
				CED4533722615C4B0021333B /* NRLPlayerStatsTests */,
			);
		};
/* End PBXProject section */

/* Begin PBXResourcesBuildPhase section */
		CED4532222615C4A0021333B /* Resources */ = {
			isa = PBXResourcesBuildPhase;
			buildActionMask = 2147483647;
			files = (
				CEC9806122619F0F0011858C /* AsyncImageView.xib in Resources */,
				CE78DA462261F2AD00F9DA1F /* PlayerDetailsStatCell.xib in Resources */,
				CEC9803D2261877C0011858C /* MatchStatsLeftPlayerView.xib in Resources */,
				CEC980682261A5A10011858C /* Media.xcassets in Resources */,
				CED4533222615C4B0021333B /* LaunchScreen.storyboard in Resources */,
				CED4532F22615C4B0021333B /* Assets.xcassets in Resources */,
				CEC98047226188970011858C /* MatchStatsRightPlayerView.xib in Resources */,
				CEC9807D2261CA9E0011858C /* PlayerDetailsCell.xib in Resources */,
				CEC9804B226189570011858C /* MatchStatsPlayerCell.xib in Resources */,
				CED4532D22615C4A0021333B /* Main.storyboard in Resources */,
			);
			runOnlyForDeploymentPostprocessing = 0;
		};
		CED4533622615C4B0021333B /* Resources */ = {
			isa = PBXResourcesBuildPhase;
			buildActionMask = 2147483647;
			files = (
				CE78DA4C2261F3E700F9DA1F /* validMatchStats.json in Resources */,
				CE78DA4F2261F51100F9DA1F /* validPlayerStats.json in Resources */,
				CE78DA4B2261F3E700F9DA1F /* invalidMatchStats.json in Resources */,
			);
			runOnlyForDeploymentPostprocessing = 0;
		};
/* End PBXResourcesBuildPhase section */

/* Begin PBXShellScriptBuildPhase section */
		CE78DA4D2261F46900F9DA1F /* Copy Carthage Frameworks */ = {
			isa = PBXShellScriptBuildPhase;
			buildActionMask = 2147483647;
			files = (
			);
			inputFileListPaths = (
			);
			inputPaths = (
				"$(SRCROOT)/Carthage/Build/iOS/Shawshank.framework",
			);
			name = "Copy Carthage Frameworks";
			outputFileListPaths = (
			);
			outputPaths = (
			);
			runOnlyForDeploymentPostprocessing = 0;
			shellPath = /bin/sh;
			shellScript = "/usr/local/bin/carthage copy-frameworks\n";
		};
		CEC97FE82261605B0011858C /* Copy Carthage Frameworks */ = {
			isa = PBXShellScriptBuildPhase;
			buildActionMask = 2147483647;
			files = (
			);
			inputFileListPaths = (
			);
			inputPaths = (
				"$(SRCROOT)/Carthage/Build/iOS/Alamofire.framework",
				"$(SRCROOT)/Carthage/Build/iOS/Nuke.framework",
			);
			name = "Copy Carthage Frameworks";
			outputFileListPaths = (
			);
			outputPaths = (
			);
			runOnlyForDeploymentPostprocessing = 0;
			shellPath = /bin/sh;
			shellScript = "/usr/local/bin/carthage copy-frameworks\n";
		};
/* End PBXShellScriptBuildPhase section */

/* Begin PBXSourcesBuildPhase section */
		CED4532022615C4A0021333B /* Sources */ = {
			isa = PBXSourcesBuildPhase;
			buildActionMask = 2147483647;
			files = (
				CEC9803E2261877C0011858C /* MatchStatsLeftPlayerView.swift in Sources */,
				CEC9804C226189570011858C /* MatchStatsPlayerCell.swift in Sources */,
				CEC97FF42261614F0011858C /* APIError.swift in Sources */,
				CEC98012226175FD0011858C /* StatsLoader.swift in Sources */,
				CE78DA422261E5A700F9DA1F /* MatchSelectionContentView.swift in Sources */,
				CEC98006226166B80011858C /* String.swift in Sources */,
				CE78DA3C2261D46900F9DA1F /* PlayerStatsViewController+ViewState.swift in Sources */,
				CEC9805D226194D80011858C /* MatchStatsPlayerView+ViewState.swift in Sources */,
				CEC9805722618CBD0011858C /* Array.swift in Sources */,
				CEC98059226192CE0011858C /* MatchStatsPlayerCell+ViewState.swift in Sources */,
				CEC9800B22616A040011858C /* StatsEndpoint.swift in Sources */,
				CEC98043226187A20011858C /* XibView.swift in Sources */,
				CEC9800D22616A040011858C /* StatsAPIHost.swift in Sources */,
				CEC97FF32261614F0011858C /* APIRequestBuilder.swift in Sources */,
				CEC98010226173160011858C /* LeagueStat.swift in Sources */,
				CEC9806222619F0F0011858C /* AsyncImageView.swift in Sources */,
				CE78DA402261E58F00F9DA1F /* MatchSelectionViewController.swift in Sources */,
				CEC98048226188970011858C /* MatchStatsRightPlayerView.swift in Sources */,
				CEC9805322618B500011858C /* UITableViewCell.swift in Sources */,
				CEC9805B226194250011858C /* MatchStatsPlayerView.swift in Sources */,
				CE4AB8CB2262D01400FDA3B2 /* StatsViewController.swift in Sources */,
				CEC9800C22616A040011858C /* StatsAPI.swift in Sources */,
				CED4532822615C4A0021333B /* AppDelegate.swift in Sources */,
				CEC98042226187A20011858C /* NibLoading.swift in Sources */,
				CEC980712261B8A30011858C /* LeaguePlayer.swift in Sources */,
				CEC98005226166B80011858C /* Decodable.swift in Sources */,
				CEC97FF62261614F0011858C /* Endpoint.swift in Sources */,
				CEC9805122618B410011858C /* UITableView.swift in Sources */,
				CEC9807B2261CA990011858C /* PlayerDetailsCell.swift in Sources */,
				CEC9805522618C340011858C /* MatchStatsViewController+ViewState.swift in Sources */,
				CEC9804F22618A650011858C /* MatchStatsViewController.swift in Sources */,
				CE78DA442261F26400F9DA1F /* PlayerDetailsStatCell.swift in Sources */,
				CEC980742261BFE20011858C /* PlayerStatsViewController.swift in Sources */,
				CEC97FF52261614F0011858C /* API.swift in Sources */,
			);
			runOnlyForDeploymentPostprocessing = 0;
		};
		CED4533422615C4B0021333B /* Sources */ = {
			isa = PBXSourcesBuildPhase;
			buildActionMask = 2147483647;
			files = (
				CE78DA482261F37D00F9DA1F /* TestAPI.swift in Sources */,
				CED4533D22615C4B0021333B /* NRLPlayerStatsTests.swift in Sources */,
			);
			runOnlyForDeploymentPostprocessing = 0;
		};
/* End PBXSourcesBuildPhase section */

/* Begin PBXTargetDependency section */
		CED4533A22615C4B0021333B /* PBXTargetDependency */ = {
			isa = PBXTargetDependency;
			target = CED4532322615C4A0021333B /* NRLPlayerStats */;
			targetProxy = CED4533922615C4B0021333B /* PBXContainerItemProxy */;
		};
/* End PBXTargetDependency section */

/* Begin PBXVariantGroup section */
		CED4532B22615C4A0021333B /* Main.storyboard */ = {
			isa = PBXVariantGroup;
			children = (
				CED4532C22615C4A0021333B /* Base */,
			);
			name = Main.storyboard;
			sourceTree = "<group>";
		};
		CED4533022615C4B0021333B /* LaunchScreen.storyboard */ = {
			isa = PBXVariantGroup;
			children = (
				CED4533122615C4B0021333B /* Base */,
			);
			name = LaunchScreen.storyboard;
			sourceTree = "<group>";
		};
/* End PBXVariantGroup section */

/* Begin XCBuildConfiguration section */
		CED4533F22615C4B0021333B /* Debug */ = {
			isa = XCBuildConfiguration;
			buildSettings = {
				ALWAYS_SEARCH_USER_PATHS = NO;
				CLANG_ANALYZER_NONNULL = YES;
				CLANG_ANALYZER_NUMBER_OBJECT_CONVERSION = YES_AGGRESSIVE;
				CLANG_CXX_LANGUAGE_STANDARD = "gnu++14";
				CLANG_CXX_LIBRARY = "libc++";
				CLANG_ENABLE_MODULES = YES;
				CLANG_ENABLE_OBJC_ARC = YES;
				CLANG_ENABLE_OBJC_WEAK = YES;
				CLANG_WARN_BLOCK_CAPTURE_AUTORELEASING = YES;
				CLANG_WARN_BOOL_CONVERSION = YES;
				CLANG_WARN_COMMA = YES;
				CLANG_WARN_CONSTANT_CONVERSION = YES;
				CLANG_WARN_DEPRECATED_OBJC_IMPLEMENTATIONS = YES;
				CLANG_WARN_DIRECT_OBJC_ISA_USAGE = YES_ERROR;
				CLANG_WARN_DOCUMENTATION_COMMENTS = YES;
				CLANG_WARN_EMPTY_BODY = YES;
				CLANG_WARN_ENUM_CONVERSION = YES;
				CLANG_WARN_INFINITE_RECURSION = YES;
				CLANG_WARN_INT_CONVERSION = YES;
				CLANG_WARN_NON_LITERAL_NULL_CONVERSION = YES;
				CLANG_WARN_OBJC_IMPLICIT_RETAIN_SELF = YES;
				CLANG_WARN_OBJC_LITERAL_CONVERSION = YES;
				CLANG_WARN_OBJC_ROOT_CLASS = YES_ERROR;
				CLANG_WARN_RANGE_LOOP_ANALYSIS = YES;
				CLANG_WARN_STRICT_PROTOTYPES = YES;
				CLANG_WARN_SUSPICIOUS_MOVE = YES;
				CLANG_WARN_UNGUARDED_AVAILABILITY = YES_AGGRESSIVE;
				CLANG_WARN_UNREACHABLE_CODE = YES;
				CLANG_WARN__DUPLICATE_METHOD_MATCH = YES;
				CODE_SIGN_IDENTITY = "iPhone Developer";
				COPY_PHASE_STRIP = NO;
				DEBUG_INFORMATION_FORMAT = dwarf;
				ENABLE_STRICT_OBJC_MSGSEND = YES;
				ENABLE_TESTABILITY = YES;
				GCC_C_LANGUAGE_STANDARD = gnu11;
				GCC_DYNAMIC_NO_PIC = NO;
				GCC_NO_COMMON_BLOCKS = YES;
				GCC_OPTIMIZATION_LEVEL = 0;
				GCC_PREPROCESSOR_DEFINITIONS = (
					"DEBUG=1",
					"$(inherited)",
				);
				GCC_WARN_64_TO_32_BIT_CONVERSION = YES;
				GCC_WARN_ABOUT_RETURN_TYPE = YES_ERROR;
				GCC_WARN_UNDECLARED_SELECTOR = YES;
				GCC_WARN_UNINITIALIZED_AUTOS = YES_AGGRESSIVE;
				GCC_WARN_UNUSED_FUNCTION = YES;
				GCC_WARN_UNUSED_VARIABLE = YES;
				IPHONEOS_DEPLOYMENT_TARGET = 12.2;
				MTL_ENABLE_DEBUG_INFO = INCLUDE_SOURCE;
				MTL_FAST_MATH = YES;
				ONLY_ACTIVE_ARCH = YES;
				SDKROOT = iphoneos;
				SWIFT_ACTIVE_COMPILATION_CONDITIONS = DEBUG;
				SWIFT_OPTIMIZATION_LEVEL = "-Onone";
			};
			name = Debug;
		};
		CED4534022615C4B0021333B /* Release */ = {
			isa = XCBuildConfiguration;
			buildSettings = {
				ALWAYS_SEARCH_USER_PATHS = NO;
				CLANG_ANALYZER_NONNULL = YES;
				CLANG_ANALYZER_NUMBER_OBJECT_CONVERSION = YES_AGGRESSIVE;
				CLANG_CXX_LANGUAGE_STANDARD = "gnu++14";
				CLANG_CXX_LIBRARY = "libc++";
				CLANG_ENABLE_MODULES = YES;
				CLANG_ENABLE_OBJC_ARC = YES;
				CLANG_ENABLE_OBJC_WEAK = YES;
				CLANG_WARN_BLOCK_CAPTURE_AUTORELEASING = YES;
				CLANG_WARN_BOOL_CONVERSION = YES;
				CLANG_WARN_COMMA = YES;
				CLANG_WARN_CONSTANT_CONVERSION = YES;
				CLANG_WARN_DEPRECATED_OBJC_IMPLEMENTATIONS = YES;
				CLANG_WARN_DIRECT_OBJC_ISA_USAGE = YES_ERROR;
				CLANG_WARN_DOCUMENTATION_COMMENTS = YES;
				CLANG_WARN_EMPTY_BODY = YES;
				CLANG_WARN_ENUM_CONVERSION = YES;
				CLANG_WARN_INFINITE_RECURSION = YES;
				CLANG_WARN_INT_CONVERSION = YES;
				CLANG_WARN_NON_LITERAL_NULL_CONVERSION = YES;
				CLANG_WARN_OBJC_IMPLICIT_RETAIN_SELF = YES;
				CLANG_WARN_OBJC_LITERAL_CONVERSION = YES;
				CLANG_WARN_OBJC_ROOT_CLASS = YES_ERROR;
				CLANG_WARN_RANGE_LOOP_ANALYSIS = YES;
				CLANG_WARN_STRICT_PROTOTYPES = YES;
				CLANG_WARN_SUSPICIOUS_MOVE = YES;
				CLANG_WARN_UNGUARDED_AVAILABILITY = YES_AGGRESSIVE;
				CLANG_WARN_UNREACHABLE_CODE = YES;
				CLANG_WARN__DUPLICATE_METHOD_MATCH = YES;
				CODE_SIGN_IDENTITY = "iPhone Developer";
				COPY_PHASE_STRIP = NO;
				DEBUG_INFORMATION_FORMAT = "dwarf-with-dsym";
				ENABLE_NS_ASSERTIONS = NO;
				ENABLE_STRICT_OBJC_MSGSEND = YES;
				GCC_C_LANGUAGE_STANDARD = gnu11;
				GCC_NO_COMMON_BLOCKS = YES;
				GCC_WARN_64_TO_32_BIT_CONVERSION = YES;
				GCC_WARN_ABOUT_RETURN_TYPE = YES_ERROR;
				GCC_WARN_UNDECLARED_SELECTOR = YES;
				GCC_WARN_UNINITIALIZED_AUTOS = YES_AGGRESSIVE;
				GCC_WARN_UNUSED_FUNCTION = YES;
				GCC_WARN_UNUSED_VARIABLE = YES;
				IPHONEOS_DEPLOYMENT_TARGET = 12.2;
				MTL_ENABLE_DEBUG_INFO = NO;
				MTL_FAST_MATH = YES;
				SDKROOT = iphoneos;
				SWIFT_COMPILATION_MODE = wholemodule;
				SWIFT_OPTIMIZATION_LEVEL = "-O";
				VALIDATE_PRODUCT = YES;
			};
			name = Release;
		};
		CED4534222615C4B0021333B /* Debug */ = {
			isa = XCBuildConfiguration;
			buildSettings = {
				ASSETCATALOG_COMPILER_APPICON_NAME = AppIcon;
				CODE_SIGN_STYLE = Automatic;
				DEVELOPMENT_TEAM = EAN9592EK4;
				FRAMEWORK_SEARCH_PATHS = (
					"$(inherited)",
					"$(PROJECT_DIR)/Carthage/Build/iOS",
				);
				INFOPLIST_FILE = NRLPlayerStats/Info.plist;
				LD_RUNPATH_SEARCH_PATHS = (
					"$(inherited)",
					"@executable_path/Frameworks",
				);
				PRODUCT_BUNDLE_IDENTIFIER = com.deepgagan.NRLPlayerStats;
				PRODUCT_NAME = "$(TARGET_NAME)";
				SWIFT_VERSION = 5.0;
				TARGETED_DEVICE_FAMILY = "1,2";
			};
			name = Debug;
		};
		CED4534322615C4B0021333B /* Release */ = {
			isa = XCBuildConfiguration;
			buildSettings = {
				ASSETCATALOG_COMPILER_APPICON_NAME = AppIcon;
				CODE_SIGN_STYLE = Automatic;
				DEVELOPMENT_TEAM = EAN9592EK4;
				FRAMEWORK_SEARCH_PATHS = (
					"$(inherited)",
					"$(PROJECT_DIR)/Carthage/Build/iOS",
				);
				INFOPLIST_FILE = NRLPlayerStats/Info.plist;
				LD_RUNPATH_SEARCH_PATHS = (
					"$(inherited)",
					"@executable_path/Frameworks",
				);
				PRODUCT_BUNDLE_IDENTIFIER = com.deepgagan.NRLPlayerStats;
				PRODUCT_NAME = "$(TARGET_NAME)";
				SWIFT_VERSION = 5.0;
				TARGETED_DEVICE_FAMILY = "1,2";
			};
			name = Release;
		};
		CED4534522615C4B0021333B /* Debug */ = {
			isa = XCBuildConfiguration;
			buildSettings = {
				ALWAYS_EMBED_SWIFT_STANDARD_LIBRARIES = YES;
				BUNDLE_LOADER = "$(TEST_HOST)";
				CODE_SIGN_STYLE = Automatic;
				DEVELOPMENT_TEAM = EAN9592EK4;
				FRAMEWORK_SEARCH_PATHS = (
					"$(inherited)",
					"$(PROJECT_DIR)/Carthage/Build/iOS",
				);
				INFOPLIST_FILE = NRLPlayerStatsTests/Info.plist;
				LD_RUNPATH_SEARCH_PATHS = (
					"$(inherited)",
					"@executable_path/Frameworks",
					"@loader_path/Frameworks",
				);
				PRODUCT_BUNDLE_IDENTIFIER = com.deepgagan.NRLPlayerStatsTests;
				PRODUCT_NAME = "$(TARGET_NAME)";
				SWIFT_VERSION = 5.0;
				TARGETED_DEVICE_FAMILY = "1,2";
				TEST_HOST = "$(BUILT_PRODUCTS_DIR)/NRLPlayerStats.app/NRLPlayerStats";
			};
			name = Debug;
		};
		CED4534622615C4B0021333B /* Release */ = {
			isa = XCBuildConfiguration;
			buildSettings = {
				ALWAYS_EMBED_SWIFT_STANDARD_LIBRARIES = YES;
				BUNDLE_LOADER = "$(TEST_HOST)";
				CODE_SIGN_STYLE = Automatic;
				DEVELOPMENT_TEAM = EAN9592EK4;
				FRAMEWORK_SEARCH_PATHS = (
					"$(inherited)",
					"$(PROJECT_DIR)/Carthage/Build/iOS",
				);
				INFOPLIST_FILE = NRLPlayerStatsTests/Info.plist;
				LD_RUNPATH_SEARCH_PATHS = (
					"$(inherited)",
					"@executable_path/Frameworks",
					"@loader_path/Frameworks",
				);
				PRODUCT_BUNDLE_IDENTIFIER = com.deepgagan.NRLPlayerStatsTests;
				PRODUCT_NAME = "$(TARGET_NAME)";
				SWIFT_VERSION = 5.0;
				TARGETED_DEVICE_FAMILY = "1,2";
				TEST_HOST = "$(BUILT_PRODUCTS_DIR)/NRLPlayerStats.app/NRLPlayerStats";
			};
			name = Release;
		};
/* End XCBuildConfiguration section */

/* Begin XCConfigurationList section */
		CED4531F22615C4A0021333B /* Build configuration list for PBXProject "NRLPlayerStats" */ = {
			isa = XCConfigurationList;
			buildConfigurations = (
				CED4533F22615C4B0021333B /* Debug */,
				CED4534022615C4B0021333B /* Release */,
			);
			defaultConfigurationIsVisible = 0;
			defaultConfigurationName = Release;
		};
		CED4534122615C4B0021333B /* Build configuration list for PBXNativeTarget "NRLPlayerStats" */ = {
			isa = XCConfigurationList;
			buildConfigurations = (
				CED4534222615C4B0021333B /* Debug */,
				CED4534322615C4B0021333B /* Release */,
			);
			defaultConfigurationIsVisible = 0;
			defaultConfigurationName = Release;
		};
		CED4534422615C4B0021333B /* Build configuration list for PBXNativeTarget "NRLPlayerStatsTests" */ = {
			isa = XCConfigurationList;
			buildConfigurations = (
				CED4534522615C4B0021333B /* Debug */,
				CED4534622615C4B0021333B /* Release */,
			);
			defaultConfigurationIsVisible = 0;
			defaultConfigurationName = Release;
		};
/* End XCConfigurationList section */
	};
	rootObject = CED4531C22615C4A0021333B /* Project object */;
}
